version = 1
requires-python = ">=3.12"
resolution-markers = [
    "python_full_version < '3.13'",
    "python_full_version >= '3.13'",
]

[[package]]
name = "doccombo"
version = "0.1.0"
source = { editable = "." }
dependencies = [
    { name = "pymupdf" },
]

[package.metadata]
requires-dist = [{ name = "pymupdf", specifier = ">=1.24.10" }]

[[package]]
name = "pymupdf"
version = "1.24.10"
source = { registry = "https://pypi.org/simple" }
dependencies = [
    { name = "pymupdfb" },
]
sdist = { url = "https://files.pythonhosted.org/packages/83/57/da06ca4886afc71a624e4b463d05f45c8a822596ede939957295e229eb4e/PyMuPDF-1.24.10.tar.gz", hash = "sha256:bd3ebd6d3fb8a845582098362f885bfb0a31ae4272587efc2c55c5e29fe7327a", size = 46988085 }
wheels = [
    { url = "https://files.pythonhosted.org/packages/75/84/7231344d98355a40fb57c4025391dfb4116e2c3e9d98d5cc83f80c5ea942/PyMuPDF-1.24.10-cp312-none-macosx_10_9_x86_64.whl", hash = "sha256:f323aa7bb55e0214e632bfe24fa140bd5dcfeac2d3977bdce46e760385140513", size = 3230169 },
    { url = "https://files.pythonhosted.org/packages/b2/bc/975b4fe4400b00c912dad1874c43d31486150e6f39d7dae758751c27e2dd/PyMuPDF-1.24.10-cp312-none-macosx_11_0_arm64.whl", hash = "sha256:50d2972558d25ce46a8634b58787b28dbeff9b3fe4299530fc9c8c9921061e83", size = 2980118 },
    { url = "https://files.pythonhosted.org/packages/5b/dc/0f22c77ac4f8e6b8316072519513d5f0111fffe96d357051db0ddf043032/PyMuPDF-1.24.10-cp312-none-manylinux2014_aarch64.whl", hash = "sha256:0e3969c2fdff682b3b2c6a2b463adde068d6d8e20e2133ef6c8503469259646a", size = 3216830 },
    { url = "https://files.pythonhosted.org/packages/a3/1b/1b41b27aab571b835f8d983492b80ed64548e3b5c4d169e23c639727d43b/PyMuPDF-1.24.10-cp312-none-manylinux2014_x86_64.whl", hash = "sha256:cd78ee1ebefdfe72bc36fd4b731cc8c694eb8ef5337d8ea956b0e94cd88751fc", size = 3491118 },
    { url = "https://files.pythonhosted.org/packages/2d/3c/f1ffbc6e13ab37900c2aa71e434bbba922770091242e2b059acdb14f779e/PyMuPDF-1.24.10-cp312-none-musllinux_1_2_x86_64.whl", hash = "sha256:696eed91d2ee44e76277dfeb6bd904c84ae005378588949df6ed9be9e03b9817", size = 3612589 },
    { url = "https://files.pythonhosted.org/packages/53/fb/158909af75c84968ea7e6659a75fd67bd462103c599033b23ffd6bc173be/PyMuPDF-1.24.10-cp312-none-win32.whl", hash = "sha256:1e5413e1aeab2f18e1ca1b3ff17057a4a7c5cbf4ff14abc93203da88fc1a1dd8", size = 2701190 },
    { url = "https://files.pythonhosted.org/packages/91/4a/4a54d3f6a779ac5eed92e82fe3c1bb426bc40f9ea57c8656839198944a82/PyMuPDF-1.24.10-cp312-none-win_amd64.whl", hash = "sha256:227a4473fce8fa32b9268da68781048795503b67dc045867fc201e1334204bf1", size = 3228084 },
]

[[package]]
name = "pymupdfb"
version = "1.24.10"
source = { registry = "https://pypi.org/simple" }
sdist = { url = "https://files.pythonhosted.org/packages/c9/ff/ecfcb41414b51976974d74c8e35fef0a0e5b47c7046a11c860553f5dccf0/PyMuPDFb-1.24.10.tar.gz", hash = "sha256:007b91fa9b528c5c0eecea2e49c486ac02e878274f9e31522bdd948adc5f8327", size = 37502 }
wheels = [
    { url = "https://files.pythonhosted.org/packages/48/94/b217dc987b4ac0e3793984427112d6032563b741e27763f7761c2231d022/PyMuPDFb-1.24.10-py3-none-macosx_10_9_x86_64.whl", hash = "sha256:cd6b24630d90dce9ab3e59d06c5e616686f8d7ec626be1311721fcb062aa0078", size = 15536229 },
    { url = "https://files.pythonhosted.org/packages/16/7a/f634c76d8331cb8dedcfaced17424cc469ee20b7f53cf29c9ef17a01b461/PyMuPDFb-1.24.10-py3-none-macosx_11_0_arm64.whl", hash = "sha256:fda2c34b206f724b1b5685b67188e2a57bcaa5c99bc40a0a5bc62057514c5cdf", size = 15149482 },
    { url = "https://files.pythonhosted.org/packages/62/97/67b5da2edd034e66dadd0ec530e277afb14fe866a3b3b01d9fad154bc6f8/PyMuPDFb-1.24.10-py3-none-manylinux2014_aarch64.manylinux_2_17_aarch64.whl", hash = "sha256:4f50a7472f9bb10cbc7a1cd589ee4626ca030b8a4a02749f9a29eb6f00c0e0db", size = 15711338 },
    { url = "https://files.pythonhosted.org/packages/62/b9/ad3f076e86328880797fe7e98c43b2879df56cf6cb75ac3058da06d6e6cb/PyMuPDFb-1.24.10-py3-none-manylinux2014_x86_64.manylinux_2_17_x86_64.whl", hash = "sha256:409f1270ef2e70d845e80149ff3db9cfed578274042316cba55cc3e3882421ea", size = 15921939 },
    { url = "https://files.pythonhosted.org/packages/15/e7/02160ea905a7ba16d6e1ca51759ae1c1045785ebebae57ba30e82617f934/PyMuPDFb-1.24.10-py3-none-musllinux_1_2_x86_64.whl", hash = "sha256:aca96b6e9ee3096a26810592f4d899f4d3cf3cf0c902ae7e8cca09bce4d946c4", size = 17076991 },
    { url = "https://files.pythonhosted.org/packages/d3/c0/e1ed840440131f71b068cdb3b620a69ec27543b1012a6bd855d8d05f1629/PyMuPDFb-1.24.10-py3-none-win32.whl", hash = "sha256:2d231b42fe3bf79837df235e7fbdf7ff8b46bf4ca1346d0f0124fb1cdd343ce8", size = 11731706 },
    { url = "https://files.pythonhosted.org/packages/70/cb/8459d6c179befd7c6eee555334f054e9a6dcdd9f8671891e1da19e0ce526/PyMuPDFb-1.24.10-py3-none-win_amd64.whl", hash = "sha256:27ea65c701608b6b7632703339ca33ea6d513843b26dbe9bdefb2f56f7b9b196", size = 13186168 },
]
